github.com/samuel/go-thrift v0.0.0-20191111193933-5165175b40af h1:EiWVfh8mr40yFZEui2oF0d45KgH48PkB2H0Z0GANvSI=
github.com/samuel/go-thrift v0.0.0-20191111193933-5165175b40af/go.mod h1:Vrkh1pnjV9Bl8c3P9zH0/D4NlOHWP5d4/hF4YTULaec=
github.com/samuel/go-thrift v0.0.0-20210915161234-7b67f98e972f h1:joXNTfFqJlVV7EFoq1i4r1WXzVl176DjL3z7YlO9ds4=
github.com/samuel/go-thrift v0.0.0-20210915161234-7b67f98e972f/go.mod h1:D6B77kK5ayLZf7FV6hYlB3wozFfbohPXsZG32XkzV1Y=
