github.com/apache/thrift v0.13.0 h1:5hryIiq9gtn+MiLVn0wP37kb/uTeRZgN08WoCsAhIhI=
github.com/apache/thrift v0.13.0/go.mod h1:cp2SuWMxlEZw2r+iP2GNCdIi4C1qmUzdZFSVb+bacwQ=
github.com/cloudwego/thriftgo v0.1.2 h1:AXpGJiWE3VggfiRHwA6raRJUIcjxliEIfJfGlvRiYUA=
github.com/cloudwego/thriftgo v0.1.2/go.mod h1:LzeafuLSiHA9JTiWC8TIMIq64iadeObgRUhmVG1OC/w=
github.com/samuel/go-thrift v0.0.0-20191111193933-5165175b40af h1:EiWVfh8mr40yFZEui2oF0d45KgH48PkB2H0Z0GANvSI=
github.com/samuel/go-thrift v0.0.0-20191111193933-5165175b40af/go.mod h1:Vrkh1pnjV9Bl8c3P9zH0/D4NlOHWP5d4/hF4YTULaec=
